github.com/gobardofw/utils v0.0.0-20201007073704-9f1e04e4c1a6 h1:0G/8AQGYISzXLv97ASqJ+bp2XqroMv+H+facsXlHqiQ=
github.com/gobardofw/utils v0.0.0-20201007073704-9f1e04e4c1a6/go.mod h1:2jzpCFbWeAt8v159r2IBsk4FWJ5E6B0PE+MwzmbCHRk=
github.com/yaa110/go-persian-calendar v0.6.1 h1:g8HCQSCPDlifGYRLBYAiz00RcuFqfmtDMGFzyg4hBQY=
github.com/yaa110/go-persian-calendar v0.6.1/go.mod h1:KaNCW2YgfpMb48BofaTT99u0hdKUILpHeGhqaZ6GgkQ=
